{
  "originHash" : "4f0dfff61c367c2093fa92789c427a3457ecc590ae731dda46f33fc85b0dc2b4",
  "pins" : [
    {
      "identity" : "iqkeyboardcore",
      "kind" : "remoteSourceControl",
      "location" : "https://github.com/hackiftekhar/IQKeyboardCore.git",
      "state" : {
        "revision" : "6501e93b03161ce1c9355d2d689bad91c534104e",
        "version" : "1.0.8"
      }
    },
    {
      "identity" : "iqkeyboardmanager",
      "kind" : "remoteSourceControl",
      "location" : "https://github.com/hackiftekhar/IQKeyboardManager",
      "state" : {
        "revision" : "3989683f60dfc33df6063f9a8d0fabb50a910e9d",
        "version" : "7.2.0"
      }
    },
    {
      "identity" : "iqkeyboardnotification",
      "kind" : "remoteSourceControl",
      "location" : "https://github.com/hackiftekhar/IQKeyboardNotification.git",
      "state" : {
        "revision" : "08bdc90e7db64ac88f51da5dc9e82f4c247e7057",
        "version" : "1.0.6"
      }
    },
    {
      "identity" : "iqtextinputviewnotification",
      "kind" : "remoteSourceControl",
      "location" : "https://github.com/hackiftekhar/IQTextInputViewNotification.git",
      "state" : {
        "revision" : "723784a2197121bb76a940cc6d79fd2fa6c23f43",
        "version" : "1.0.9"
      }
    },
    {
      "identity" : "keychain-swift",
      "kind" : "remoteSourceControl",
      "location" : "https://github.com/evgenyneu/keychain-swift.git",
      "state" : {
        "revision" : "d108a1fa6189e661f91560548ef48651ed8d93b9",
        "version" : "20.0.0"
      }
    },
    {
      "identity" : "openai",
      "kind" : "remoteSourceControl",
      "location" : "https://github.com/MacPaw/OpenAI.git",
      "state" : {
        "revision" : "35afc9a6ee127b8f22a85a31aec2036a987478af",
        "version" : "0.2.6"
      }
    }
  ],
  "version" : 3
}
